// !$*UTF8*$!
{
	archiveVersion = 1;
	classes = {
	};
	objectVersion = 51;
	objects = {

/* Begin PBXBuildFile section */
		32BBAF5832DC13A476A9ECD1 /* Pods_PlatziTweets.framework in Frameworks */ = {isa = PBXBuildFile; fileRef = 84F54897FCE4AC517D799955 /* Pods_PlatziTweets.framework */; };
		481E3B67249809D20071715E /* GoogleService-Info.plist in Resources */ = {isa = PBXBuildFile; fileRef = 481E3B66249809D20071715E /* GoogleService-Info.plist */; };
		487AB77B2485764200CC6388 /* AppDelegate.swift in Sources */ = {isa = PBXBuildFile; fileRef = 487AB77A2485764200CC6388 /* AppDelegate.swift */; };
		487AB77F2485764200CC6388 /* WelcomeViewController.swift in Sources */ = {isa = PBXBuildFile; fileRef = 487AB77E2485764200CC6388 /* WelcomeViewController.swift */; };
		487AB7822485764200CC6388 /* Main.storyboard in Resources */ = {isa = PBXBuildFile; fileRef = 487AB7802485764200CC6388 /* Main.storyboard */; };
		487AB7842485764800CC6388 /* Assets.xcassets in Resources */ = {isa = PBXBuildFile; fileRef = 487AB7832485764800CC6388 /* Assets.xcassets */; };
		487AB7872485764800CC6388 /* LaunchScreen.storyboard in Resources */ = {isa = PBXBuildFile; fileRef = 487AB7852485764800CC6388 /* LaunchScreen.storyboard */; };
		487AB79224858C3800CC6388 /* LoginController.swift in Sources */ = {isa = PBXBuildFile; fileRef = 487AB79124858C3800CC6388 /* LoginController.swift */; };
		487AB79424858C4300CC6388 /* RegisterController.swift in Sources */ = {isa = PBXBuildFile; fileRef = 487AB79324858C4300CC6388 /* RegisterController.swift */; };
		487AB7982485C13700CC6388 /* HomeViewController.swift in Sources */ = {isa = PBXBuildFile; fileRef = 487AB7972485C13700CC6388 /* HomeViewController.swift */; };
		488732C4248EA8CF000DCF7E /* User.swift in Sources */ = {isa = PBXBuildFile; fileRef = 488732C3248EA8CF000DCF7E /* User.swift */; };
		488732C6248EA8DD000DCF7E /* Post.swift in Sources */ = {isa = PBXBuildFile; fileRef = 488732C5248EA8DD000DCF7E /* Post.swift */; };
		488732C8248EA8F2000DCF7E /* PostLocation.swift in Sources */ = {isa = PBXBuildFile; fileRef = 488732C7248EA8F2000DCF7E /* PostLocation.swift */; };
		488732CA248EA8FE000DCF7E /* GeneralResponse.swift in Sources */ = {isa = PBXBuildFile; fileRef = 488732C9248EA8FE000DCF7E /* GeneralResponse.swift */; };
		488732CC248EA905000DCF7E /* ErrorResponse.swift in Sources */ = {isa = PBXBuildFile; fileRef = 488732CB248EA905000DCF7E /* ErrorResponse.swift */; };
		488732CE248EA911000DCF7E /* LoginResponse.swift in Sources */ = {isa = PBXBuildFile; fileRef = 488732CD248EA911000DCF7E /* LoginResponse.swift */; };
		488732D0248EA981000DCF7E /* RegisterRequest.swift in Sources */ = {isa = PBXBuildFile; fileRef = 488732CF248EA981000DCF7E /* RegisterRequest.swift */; };
		488732D2248EA98F000DCF7E /* PostRequest.swift in Sources */ = {isa = PBXBuildFile; fileRef = 488732D1248EA98F000DCF7E /* PostRequest.swift */; };
		488732D4248EA99B000DCF7E /* PostRequestLocation.swift in Sources */ = {isa = PBXBuildFile; fileRef = 488732D3248EA99B000DCF7E /* PostRequestLocation.swift */; };
		488732D6248EA9A4000DCF7E /* LoginRequest.swift in Sources */ = {isa = PBXBuildFile; fileRef = 488732D5248EA9A4000DCF7E /* LoginRequest.swift */; };
		488732D8248EAB8C000DCF7E /* Endpoints.swift in Sources */ = {isa = PBXBuildFile; fileRef = 488732D7248EAB8C000DCF7E /* Endpoints.swift */; };
		488732DB248EDFDF000DCF7E /* TweetCell.swift in Sources */ = {isa = PBXBuildFile; fileRef = 488732DA248EDFDF000DCF7E /* TweetCell.swift */; };
		48ABBCFF24902465002F480D /* AddPostViewController.swift in Sources */ = {isa = PBXBuildFile; fileRef = 48ABBCFE24902465002F480D /* AddPostViewController.swift */; };
/* End PBXBuildFile section */

/* Begin PBXFileReference section */
		003838CC3A3025252697ED38 /* Pods-PlatziTweets.release.xcconfig */ = {isa = PBXFileReference; includeInIndex = 1; lastKnownFileType = text.xcconfig; name = "Pods-PlatziTweets.release.xcconfig"; path = "Target Support Files/Pods-PlatziTweets/Pods-PlatziTweets.release.xcconfig"; sourceTree = "<group>"; };
		481E3B66249809D20071715E /* GoogleService-Info.plist */ = {isa = PBXFileReference; fileEncoding = 4; lastKnownFileType = text.plist.xml; path = "GoogleService-Info.plist"; sourceTree = "<group>"; };
		487AB7772485764200CC6388 /* PlatziTweets.app */ = {isa = PBXFileReference; explicitFileType = wrapper.application; includeInIndex = 0; path = PlatziTweets.app; sourceTree = BUILT_PRODUCTS_DIR; };
		487AB77A2485764200CC6388 /* AppDelegate.swift */ = {isa = PBXFileReference; lastKnownFileType = sourcecode.swift; path = AppDelegate.swift; sourceTree = "<group>"; };
		487AB77E2485764200CC6388 /* WelcomeViewController.swift */ = {isa = PBXFileReference; lastKnownFileType = sourcecode.swift; path = WelcomeViewController.swift; sourceTree = "<group>"; };
		487AB7812485764200CC6388 /* Base */ = {isa = PBXFileReference; lastKnownFileType = file.storyboard; name = Base; path = Base.lproj/Main.storyboard; sourceTree = "<group>"; };
		487AB7832485764800CC6388 /* Assets.xcassets */ = {isa = PBXFileReference; lastKnownFileType = folder.assetcatalog; path = Assets.xcassets; sourceTree = "<group>"; };
		487AB7862485764800CC6388 /* Base */ = {isa = PBXFileReference; lastKnownFileType = file.storyboard; name = Base; path = Base.lproj/LaunchScreen.storyboard; sourceTree = "<group>"; };
		487AB7882485764800CC6388 /* Info.plist */ = {isa = PBXFileReference; lastKnownFileType = text.plist.xml; path = Info.plist; sourceTree = "<group>"; };
		487AB79124858C3800CC6388 /* LoginController.swift */ = {isa = PBXFileReference; lastKnownFileType = sourcecode.swift; path = LoginController.swift; sourceTree = "<group>"; };
		487AB79324858C4300CC6388 /* RegisterController.swift */ = {isa = PBXFileReference; lastKnownFileType = sourcecode.swift; path = RegisterController.swift; sourceTree = "<group>"; };
		487AB7972485C13700CC6388 /* HomeViewController.swift */ = {isa = PBXFileReference; lastKnownFileType = sourcecode.swift; path = HomeViewController.swift; sourceTree = "<group>"; };
		488732C3248EA8CF000DCF7E /* User.swift */ = {isa = PBXFileReference; lastKnownFileType = sourcecode.swift; path = User.swift; sourceTree = "<group>"; };
		488732C5248EA8DD000DCF7E /* Post.swift */ = {isa = PBXFileReference; lastKnownFileType = sourcecode.swift; path = Post.swift; sourceTree = "<group>"; };
		488732C7248EA8F2000DCF7E /* PostLocation.swift */ = {isa = PBXFileReference; lastKnownFileType = sourcecode.swift; path = PostLocation.swift; sourceTree = "<group>"; };
		488732C9248EA8FE000DCF7E /* GeneralResponse.swift */ = {isa = PBXFileReference; lastKnownFileType = sourcecode.swift; path = GeneralResponse.swift; sourceTree = "<group>"; };
		488732CB248EA905000DCF7E /* ErrorResponse.swift */ = {isa = PBXFileReference; lastKnownFileType = sourcecode.swift; path = ErrorResponse.swift; sourceTree = "<group>"; };
		488732CD248EA911000DCF7E /* LoginResponse.swift */ = {isa = PBXFileReference; lastKnownFileType = sourcecode.swift; path = LoginResponse.swift; sourceTree = "<group>"; };
		488732CF248EA981000DCF7E /* RegisterRequest.swift */ = {isa = PBXFileReference; lastKnownFileType = sourcecode.swift; path = RegisterRequest.swift; sourceTree = "<group>"; };
		488732D1248EA98F000DCF7E /* PostRequest.swift */ = {isa = PBXFileReference; lastKnownFileType = sourcecode.swift; path = PostRequest.swift; sourceTree = "<group>"; };
		488732D3248EA99B000DCF7E /* PostRequestLocation.swift */ = {isa = PBXFileReference; lastKnownFileType = sourcecode.swift; path = PostRequestLocation.swift; sourceTree = "<group>"; };
		488732D5248EA9A4000DCF7E /* LoginRequest.swift */ = {isa = PBXFileReference; lastKnownFileType = sourcecode.swift; path = LoginRequest.swift; sourceTree = "<group>"; };
		488732D7248EAB8C000DCF7E /* Endpoints.swift */ = {isa = PBXFileReference; lastKnownFileType = sourcecode.swift; path = Endpoints.swift; sourceTree = "<group>"; };
		488732DA248EDFDF000DCF7E /* TweetCell.swift */ = {isa = PBXFileReference; lastKnownFileType = sourcecode.swift; path = TweetCell.swift; sourceTree = "<group>"; };
		48ABBCFE24902465002F480D /* AddPostViewController.swift */ = {isa = PBXFileReference; lastKnownFileType = sourcecode.swift; path = AddPostViewController.swift; sourceTree = "<group>"; };
		84F54897FCE4AC517D799955 /* Pods_PlatziTweets.framework */ = {isa = PBXFileReference; explicitFileType = wrapper.framework; includeInIndex = 0; path = Pods_PlatziTweets.framework; sourceTree = BUILT_PRODUCTS_DIR; };
		9D1686F4D67D904562173C57 /* Pods-PlatziTweets.debug.xcconfig */ = {isa = PBXFileReference; includeInIndex = 1; lastKnownFileType = text.xcconfig; name = "Pods-PlatziTweets.debug.xcconfig"; path = "Target Support Files/Pods-PlatziTweets/Pods-PlatziTweets.debug.xcconfig"; sourceTree = "<group>"; };
/* End PBXFileReference section */

/* Begin PBXFrameworksBuildPhase section */
		487AB7742485764200CC6388 /* Frameworks */ = {
			isa = PBXFrameworksBuildPhase;
			buildActionMask = 2147483647;
			files = (
				32BBAF5832DC13A476A9ECD1 /* Pods_PlatziTweets.framework in Frameworks */,
			);
			runOnlyForDeploymentPostprocessing = 0;
		};
/* End PBXFrameworksBuildPhase section */

/* Begin PBXGroup section */
		487AB76E2485764200CC6388 = {
			isa = PBXGroup;
			children = (
				487AB7792485764200CC6388 /* PlatziTweets */,
				487AB7782485764200CC6388 /* Products */,
				4AAE773BB7C120B0EDDC856D /* Pods */,
				FD4FA2368F1E4F34E79C6FFC /* Frameworks */,
			);
			sourceTree = "<group>";
		};
		487AB7782485764200CC6388 /* Products */ = {
			isa = PBXGroup;
			children = (
				487AB7772485764200CC6388 /* PlatziTweets.app */,
			);
			name = Products;
			sourceTree = "<group>";
		};
		487AB7792485764200CC6388 /* PlatziTweets */ = {
			isa = PBXGroup;
			children = (
				488732C0248EA8B1000DCF7E /* Model */,
				487AB78E24857E5B00CC6388 /* Base */,
				487AB79024857E6D00CC6388 /* App */,
				487AB78F24857E6500CC6388 /* Resources */,
			);
			path = PlatziTweets;
			sourceTree = "<group>";
		};
		487AB78E24857E5B00CC6388 /* Base */ = {
			isa = PBXGroup;
			children = (
				487AB77A2485764200CC6388 /* AppDelegate.swift */,
				487AB7802485764200CC6388 /* Main.storyboard */,
				487AB7852485764800CC6388 /* LaunchScreen.storyboard */,
				481E3B66249809D20071715E /* GoogleService-Info.plist */,
				487AB7882485764800CC6388 /* Info.plist */,
			);
			path = Base;
			sourceTree = "<group>";
		};
		487AB78F24857E6500CC6388 /* Resources */ = {
			isa = PBXGroup;
			children = (
				487AB7832485764800CC6388 /* Assets.xcassets */,
			);
			path = Resources;
			sourceTree = "<group>";
		};
		487AB79024857E6D00CC6388 /* App */ = {
			isa = PBXGroup;
			children = (
				487AB7962485C12100CC6388 /* Home */,
				487AB7952485C11600CC6388 /* Welcome */,
			);
			path = App;
			sourceTree = "<group>";
		};
		487AB7952485C11600CC6388 /* Welcome */ = {
			isa = PBXGroup;
			children = (
				487AB77E2485764200CC6388 /* WelcomeViewController.swift */,
				487AB79124858C3800CC6388 /* LoginController.swift */,
				487AB79324858C4300CC6388 /* RegisterController.swift */,
			);
			path = Welcome;
			sourceTree = "<group>";
		};
		487AB7962485C12100CC6388 /* Home */ = {
			isa = PBXGroup;
			children = (
				488732D9248EDF64000DCF7E /* Cells */,
				487AB7972485C13700CC6388 /* HomeViewController.swift */,
				48ABBCFE24902465002F480D /* AddPostViewController.swift */,
			);
			path = Home;
			sourceTree = "<group>";
		};
		488732C0248EA8B1000DCF7E /* Model */ = {
			isa = PBXGroup;
			children = (
				488732C2248EA8C2000DCF7E /* Responses */,
				488732C1248EA8B8000DCF7E /* Requests */,
				488732C3248EA8CF000DCF7E /* User.swift */,
				488732C5248EA8DD000DCF7E /* Post.swift */,
				488732C7248EA8F2000DCF7E /* PostLocation.swift */,
				488732D7248EAB8C000DCF7E /* Endpoints.swift */,
			);
			path = Model;
			sourceTree = "<group>";
		};
		488732C1248EA8B8000DCF7E /* Requests */ = {
			isa = PBXGroup;
			children = (
				488732CF248EA981000DCF7E /* RegisterRequest.swift */,
				488732D1248EA98F000DCF7E /* PostRequest.swift */,
				488732D3248EA99B000DCF7E /* PostRequestLocation.swift */,
				488732D5248EA9A4000DCF7E /* LoginRequest.swift */,
			);
			path = Requests;
			sourceTree = "<group>";
		};
		488732C2248EA8C2000DCF7E /* Responses */ = {
			isa = PBXGroup;
			children = (
				488732CD248EA911000DCF7E /* LoginResponse.swift */,
				488732CB248EA905000DCF7E /* ErrorResponse.swift */,
				488732C9248EA8FE000DCF7E /* GeneralResponse.swift */,
			);
			path = Responses;
			sourceTree = "<group>";
		};
		488732D9248EDF64000DCF7E /* Cells */ = {
			isa = PBXGroup;
			children = (
				488732DA248EDFDF000DCF7E /* TweetCell.swift */,
			);
			path = Cells;
			sourceTree = "<group>";
		};
		4AAE773BB7C120B0EDDC856D /* Pods */ = {
			isa = PBXGroup;
			children = (
				9D1686F4D67D904562173C57 /* Pods-PlatziTweets.debug.xcconfig */,
				003838CC3A3025252697ED38 /* Pods-PlatziTweets.release.xcconfig */,
			);
			path = Pods;
			sourceTree = "<group>";
		};
		FD4FA2368F1E4F34E79C6FFC /* Frameworks */ = {
			isa = PBXGroup;
			children = (
				84F54897FCE4AC517D799955 /* Pods_PlatziTweets.framework */,
			);
			name = Frameworks;
			sourceTree = "<group>";
		};
/* End PBXGroup section */

/* Begin PBXNativeTarget section */
		487AB7762485764200CC6388 /* PlatziTweets */ = {
			isa = PBXNativeTarget;
			buildConfigurationList = 487AB78B2485764800CC6388 /* Build configuration list for PBXNativeTarget "PlatziTweets" */;
			buildPhases = (
				A3AC06F4BBF1E13BD073ED62 /* [CP] Check Pods Manifest.lock */,
				487AB7732485764200CC6388 /* Sources */,
				487AB7742485764200CC6388 /* Frameworks */,
				487AB7752485764200CC6388 /* Resources */,
				E27A06783E194DB31E608936 /* [CP] Embed Pods Frameworks */,
			);
			buildRules = (
			);
			dependencies = (
			);
			name = PlatziTweets;
			productName = PlatziTweets;
			productReference = 487AB7772485764200CC6388 /* PlatziTweets.app */;
			productType = "com.apple.product-type.application";
		};
/* End PBXNativeTarget section */

/* Begin PBXProject section */
		487AB76F2485764200CC6388 /* Project object */ = {
			isa = PBXProject;
			attributes = {
				LastSwiftUpdateCheck = 1150;
				LastUpgradeCheck = 1150;
				ORGANIZATIONNAME = "Ivan Quintana";
				TargetAttributes = {
					487AB7762485764200CC6388 = {
						CreatedOnToolsVersion = 11.5;
					};
				};
			};
			buildConfigurationList = 487AB7722485764200CC6388 /* Build configuration list for PBXProject "PlatziTweets" */;
			compatibilityVersion = "Xcode 9.3";
			developmentRegion = en;
			hasScannedForEncodings = 0;
			knownRegions = (
				en,
				Base,
			);
			mainGroup = 487AB76E2485764200CC6388;
			productRefGroup = 487AB7782485764200CC6388 /* Products */;
			projectDirPath = "";
			projectRoot = "";
			targets = (
				487AB7762485764200CC6388 /* PlatziTweets */,
			);
		};
/* End PBXProject section */

/* Begin PBXResourcesBuildPhase section */
		487AB7752485764200CC6388 /* Resources */ = {
			isa = PBXResourcesBuildPhase;
			buildActionMask = 2147483647;
			files = (
				487AB7872485764800CC6388 /* LaunchScreen.storyboard in Resources */,
				481E3B67249809D20071715E /* GoogleService-Info.plist in Resources */,
				487AB7842485764800CC6388 /* Assets.xcassets in Resources */,
				487AB7822485764200CC6388 /* Main.storyboard in Resources */,
			);
			runOnlyForDeploymentPostprocessing = 0;
		};
/* End PBXResourcesBuildPhase section */

/* Begin PBXShellScriptBuildPhase section */
		A3AC06F4BBF1E13BD073ED62 /* [CP] Check Pods Manifest.lock */ = {
			isa = PBXShellScriptBuildPhase;
			buildActionMask = 2147483647;
			files = (
			);
			inputFileListPaths = (
			);
			inputPaths = (
				"${PODS_PODFILE_DIR_PATH}/Podfile.lock",
				"${PODS_ROOT}/Manifest.lock",
			);
			name = "[CP] Check Pods Manifest.lock";
			outputFileListPaths = (
			);
			outputPaths = (
				"$(DERIVED_FILE_DIR)/Pods-PlatziTweets-checkManifestLockResult.txt",
			);
			runOnlyForDeploymentPostprocessing = 0;
			shellPath = /bin/sh;
			shellScript = "diff \"${PODS_PODFILE_DIR_PATH}/Podfile.lock\" \"${PODS_ROOT}/Manifest.lock\" > /dev/null\nif [ $? != 0 ] ; then\n    # print error to STDERR\n    echo \"error: The sandbox is not in sync with the Podfile.lock. Run 'pod install' or update your CocoaPods installation.\" >&2\n    exit 1\nfi\n# This output is used by Xcode 'outputs' to avoid re-running this script phase.\necho \"SUCCESS\" > \"${SCRIPT_OUTPUT_FILE_0}\"\n";
			showEnvVarsInLog = 0;
		};
		E27A06783E194DB31E608936 /* [CP] Embed Pods Frameworks */ = {
			isa = PBXShellScriptBuildPhase;
			buildActionMask = 2147483647;
			files = (
			);
			inputFileListPaths = (
				"${PODS_ROOT}/Target Support Files/Pods-PlatziTweets/Pods-PlatziTweets-frameworks-${CONFIGURATION}-input-files.xcfilelist",
			);
			name = "[CP] Embed Pods Frameworks";
			outputFileListPaths = (
				"${PODS_ROOT}/Target Support Files/Pods-PlatziTweets/Pods-PlatziTweets-frameworks-${CONFIGURATION}-output-files.xcfilelist",
			);
			runOnlyForDeploymentPostprocessing = 0;
			shellPath = /bin/sh;
			shellScript = "\"${PODS_ROOT}/Target Support Files/Pods-PlatziTweets/Pods-PlatziTweets-frameworks.sh\"\n";
			showEnvVarsInLog = 0;
		};
/* End PBXShellScriptBuildPhase section */

/* Begin PBXSourcesBuildPhase section */
		487AB7732485764200CC6388 /* Sources */ = {
			isa = PBXSourcesBuildPhase;
			buildActionMask = 2147483647;
			files = (
				487AB79424858C4300CC6388 /* RegisterController.swift in Sources */,
				488732D2248EA98F000DCF7E /* PostRequest.swift in Sources */,
				488732D8248EAB8C000DCF7E /* Endpoints.swift in Sources */,
				488732DB248EDFDF000DCF7E /* TweetCell.swift in Sources */,
				487AB77F2485764200CC6388 /* WelcomeViewController.swift in Sources */,
				488732CE248EA911000DCF7E /* LoginResponse.swift in Sources */,
				488732C8248EA8F2000DCF7E /* PostLocation.swift in Sources */,
				487AB79224858C3800CC6388 /* LoginController.swift in Sources */,
				488732D4248EA99B000DCF7E /* PostRequestLocation.swift in Sources */,
				488732C6248EA8DD000DCF7E /* Post.swift in Sources */,
				48ABBCFF24902465002F480D /* AddPostViewController.swift in Sources */,
				488732D0248EA981000DCF7E /* RegisterRequest.swift in Sources */,
				487AB77B2485764200CC6388 /* AppDelegate.swift in Sources */,
				487AB7982485C13700CC6388 /* HomeViewController.swift in Sources */,
				488732CC248EA905000DCF7E /* ErrorResponse.swift in Sources */,
				488732C4248EA8CF000DCF7E /* User.swift in Sources */,
				488732CA248EA8FE000DCF7E /* GeneralResponse.swift in Sources */,
				488732D6248EA9A4000DCF7E /* LoginRequest.swift in Sources */,
			);
			runOnlyForDeploymentPostprocessing = 0;
		};
/* End PBXSourcesBuildPhase section */

/* Begin PBXVariantGroup section */
		487AB7802485764200CC6388 /* Main.storyboard */ = {
			isa = PBXVariantGroup;
			children = (
				487AB7812485764200CC6388 /* Base */,
			);
			name = Main.storyboard;
			sourceTree = "<group>";
		};
		487AB7852485764800CC6388 /* LaunchScreen.storyboard */ = {
			isa = PBXVariantGroup;
			children = (
				487AB7862485764800CC6388 /* Base */,
			);
			name = LaunchScreen.storyboard;
			sourceTree = "<group>";
		};
/* End PBXVariantGroup section */

/* Begin XCBuildConfiguration section */
		487AB7892485764800CC6388 /* Debug */ = {
			isa = XCBuildConfiguration;
			buildSettings = {
				ALWAYS_SEARCH_USER_PATHS = NO;
				CLANG_ANALYZER_NONNULL = YES;
				CLANG_ANALYZER_NUMBER_OBJECT_CONVERSION = YES_AGGRESSIVE;
				CLANG_CXX_LANGUAGE_STANDARD = "gnu++14";
				CLANG_CXX_LIBRARY = "libc++";
				CLANG_ENABLE_MODULES = YES;
				CLANG_ENABLE_OBJC_ARC = YES;
				CLANG_ENABLE_OBJC_WEAK = YES;
				CLANG_WARN_BLOCK_CAPTURE_AUTORELEASING = YES;
				CLANG_WARN_BOOL_CONVERSION = YES;
				CLANG_WARN_COMMA = YES;
				CLANG_WARN_CONSTANT_CONVERSION = YES;
				CLANG_WARN_DEPRECATED_OBJC_IMPLEMENTATIONS = YES;
				CLANG_WARN_DIRECT_OBJC_ISA_USAGE = YES_ERROR;
				CLANG_WARN_DOCUMENTATION_COMMENTS = YES;
				CLANG_WARN_EMPTY_BODY = YES;
				CLANG_WARN_ENUM_CONVERSION = YES;
				CLANG_WARN_INFINITE_RECURSION = YES;
				CLANG_WARN_INT_CONVERSION = YES;
				CLANG_WARN_NON_LITERAL_NULL_CONVERSION = YES;
				CLANG_WARN_OBJC_IMPLICIT_RETAIN_SELF = YES;
				CLANG_WARN_OBJC_LITERAL_CONVERSION = YES;
				CLANG_WARN_OBJC_ROOT_CLASS = YES_ERROR;
				CLANG_WARN_RANGE_LOOP_ANALYSIS = YES;
				CLANG_WARN_STRICT_PROTOTYPES = YES;
				CLANG_WARN_SUSPICIOUS_MOVE = YES;
				CLANG_WARN_UNGUARDED_AVAILABILITY = YES_AGGRESSIVE;
				CLANG_WARN_UNREACHABLE_CODE = YES;
				CLANG_WARN__DUPLICATE_METHOD_MATCH = YES;
				COPY_PHASE_STRIP = NO;
				DEBUG_INFORMATION_FORMAT = dwarf;
				ENABLE_STRICT_OBJC_MSGSEND = YES;
				ENABLE_TESTABILITY = YES;
				GCC_C_LANGUAGE_STANDARD = gnu11;
				GCC_DYNAMIC_NO_PIC = NO;
				GCC_NO_COMMON_BLOCKS = YES;
				GCC_OPTIMIZATION_LEVEL = 0;
				GCC_PREPROCESSOR_DEFINITIONS = (
					"DEBUG=1",
					"$(inherited)",
				);
				GCC_WARN_64_TO_32_BIT_CONVERSION = YES;
				GCC_WARN_ABOUT_RETURN_TYPE = YES_ERROR;
				GCC_WARN_UNDECLARED_SELECTOR = YES;
				GCC_WARN_UNINITIALIZED_AUTOS = YES_AGGRESSIVE;
				GCC_WARN_UNUSED_FUNCTION = YES;
				GCC_WARN_UNUSED_VARIABLE = YES;
				IPHONEOS_DEPLOYMENT_TARGET = 13.5;
				MTL_ENABLE_DEBUG_INFO = INCLUDE_SOURCE;
				MTL_FAST_MATH = YES;
				ONLY_ACTIVE_ARCH = YES;
				SDKROOT = iphoneos;
				SWIFT_ACTIVE_COMPILATION_CONDITIONS = DEBUG;
				SWIFT_OPTIMIZATION_LEVEL = "-Onone";
			};
			name = Debug;
		};
		487AB78A2485764800CC6388 /* Release */ = {
			isa = XCBuildConfiguration;
			buildSettings = {
				ALWAYS_SEARCH_USER_PATHS = NO;
				CLANG_ANALYZER_NONNULL = YES;
				CLANG_ANALYZER_NUMBER_OBJECT_CONVERSION = YES_AGGRESSIVE;
				CLANG_CXX_LANGUAGE_STANDARD = "gnu++14";
				CLANG_CXX_LIBRARY = "libc++";
				CLANG_ENABLE_MODULES = YES;
				CLANG_ENABLE_OBJC_ARC = YES;
				CLANG_ENABLE_OBJC_WEAK = YES;
				CLANG_WARN_BLOCK_CAPTURE_AUTORELEASING = YES;
				CLANG_WARN_BOOL_CONVERSION = YES;
				CLANG_WARN_COMMA = YES;
				CLANG_WARN_CONSTANT_CONVERSION = YES;
				CLANG_WARN_DEPRECATED_OBJC_IMPLEMENTATIONS = YES;
				CLANG_WARN_DIRECT_OBJC_ISA_USAGE = YES_ERROR;
				CLANG_WARN_DOCUMENTATION_COMMENTS = YES;
				CLANG_WARN_EMPTY_BODY = YES;
				CLANG_WARN_ENUM_CONVERSION = YES;
				CLANG_WARN_INFINITE_RECURSION = YES;
				CLANG_WARN_INT_CONVERSION = YES;
				CLANG_WARN_NON_LITERAL_NULL_CONVERSION = YES;
				CLANG_WARN_OBJC_IMPLICIT_RETAIN_SELF = YES;
				CLANG_WARN_OBJC_LITERAL_CONVERSION = YES;
				CLANG_WARN_OBJC_ROOT_CLASS = YES_ERROR;
				CLANG_WARN_RANGE_LOOP_ANALYSIS = YES;
				CLANG_WARN_STRICT_PROTOTYPES = YES;
				CLANG_WARN_SUSPICIOUS_MOVE = YES;
				CLANG_WARN_UNGUARDED_AVAILABILITY = YES_AGGRESSIVE;
				CLANG_WARN_UNREACHABLE_CODE = YES;
				CLANG_WARN__DUPLICATE_METHOD_MATCH = YES;
				COPY_PHASE_STRIP = NO;
				DEBUG_INFORMATION_FORMAT = "dwarf-with-dsym";
				ENABLE_NS_ASSERTIONS = NO;
				ENABLE_STRICT_OBJC_MSGSEND = YES;
				GCC_C_LANGUAGE_STANDARD = gnu11;
				GCC_NO_COMMON_BLOCKS = YES;
				GCC_WARN_64_TO_32_BIT_CONVERSION = YES;
				GCC_WARN_ABOUT_RETURN_TYPE = YES_ERROR;
				GCC_WARN_UNDECLARED_SELECTOR = YES;
				GCC_WARN_UNINITIALIZED_AUTOS = YES_AGGRESSIVE;
				GCC_WARN_UNUSED_FUNCTION = YES;
				GCC_WARN_UNUSED_VARIABLE = YES;
				IPHONEOS_DEPLOYMENT_TARGET = 13.5;
				MTL_ENABLE_DEBUG_INFO = NO;
				MTL_FAST_MATH = YES;
				SDKROOT = iphoneos;
				SWIFT_COMPILATION_MODE = wholemodule;
				SWIFT_OPTIMIZATION_LEVEL = "-O";
				VALIDATE_PRODUCT = YES;
			};
			name = Release;
		};
		487AB78C2485764800CC6388 /* Debug */ = {
			isa = XCBuildConfiguration;
			baseConfigurationReference = 9D1686F4D67D904562173C57 /* Pods-PlatziTweets.debug.xcconfig */;
			buildSettings = {
				ASSETCATALOG_COMPILER_APPICON_NAME = AppIcon;
				CODE_SIGN_STYLE = Automatic;
				DEVELOPMENT_TEAM = 77PYHJ73D9;
				INFOPLIST_FILE = "$(SRCROOT)/PlatziTweets/Base/Info.plist";
				IPHONEOS_DEPLOYMENT_TARGET = 12.0;
				LD_RUNPATH_SEARCH_PATHS = (
					"$(inherited)",
					"@executable_path/Frameworks",
				);
				PRODUCT_BUNDLE_IDENTIFIER = com.ivanquisco.PlatziTweets;
				PRODUCT_NAME = "$(TARGET_NAME)";
				SWIFT_VERSION = 5.0;
				TARGETED_DEVICE_FAMILY = "1,2";
			};
			name = Debug;
		};
		487AB78D2485764800CC6388 /* Release */ = {
			isa = XCBuildConfiguration;
			baseConfigurationReference = 003838CC3A3025252697ED38 /* Pods-PlatziTweets.release.xcconfig */;
			buildSettings = {
				ASSETCATALOG_COMPILER_APPICON_NAME = AppIcon;
				CODE_SIGN_STYLE = Automatic;
				DEVELOPMENT_TEAM = 77PYHJ73D9;
				INFOPLIST_FILE = "$(SRCROOT)/PlatziTweets/Base/Info.plist";
				IPHONEOS_DEPLOYMENT_TARGET = 12.0;
				LD_RUNPATH_SEARCH_PATHS = (
					"$(inherited)",
					"@executable_path/Frameworks",
				);
				PRODUCT_BUNDLE_IDENTIFIER = com.ivanquisco.PlatziTweets;
				PRODUCT_NAME = "$(TARGET_NAME)";
				SWIFT_VERSION = 5.0;
				TARGETED_DEVICE_FAMILY = "1,2";
			};
			name = Release;
		};
/* End XCBuildConfiguration section */

/* Begin XCConfigurationList section */
		487AB7722485764200CC6388 /* Build configuration list for PBXProject "PlatziTweets" */ = {
			isa = XCConfigurationList;
			buildConfigurations = (
				487AB7892485764800CC6388 /* Debug */,
				487AB78A2485764800CC6388 /* Release */,
			);
			defaultConfigurationIsVisible = 0;
			defaultConfigurationName = Release;
		};
		487AB78B2485764800CC6388 /* Build configuration list for PBXNativeTarget "PlatziTweets" */ = {
			isa = XCConfigurationList;
			buildConfigurations = (
				487AB78C2485764800CC6388 /* Debug */,
				487AB78D2485764800CC6388 /* Release */,
			);
			defaultConfigurationIsVisible = 0;
			defaultConfigurationName = Release;
		};
/* End XCConfigurationList section */
	};
	rootObject = 487AB76F2485764200CC6388 /* Project object */;
}
